
Microsoft Visual Studio Solution File, Format Version 12.00
# Visual Studio 15
VisualStudioVersion = 15.0.28307.271
MinimumVisualStudioVersion = 10.0.40219.1
Project("{FAE04EC0-301F-11D3-BF4B-00C04F79EFBC}") = "Cars.App", "Cars.App\Cars.App.csproj", "{CA494A96-2787-4092-8C46-1F07C3CC8C96}"
EndProject
Project("{FAE04EC0-301F-11D3-BF4B-00C04F79EFBC}") = "Cars.Data", "Cars.Data\Cars.Data.csproj", "{F4A847B1-F831-4C07-9C7E-84ED25D2398A}"
EndProject
Global
	GlobalSection(SolutionConfigurationPlatforms) = preSolution
		Debug|Any CPU = Debug|Any CPU
		Release|Any CPU = Release|Any CPU
	EndGlobalSection
	GlobalSection(ProjectConfigurationPlatforms) = postSolution
		{CA494A96-2787-4092-8C46-1F07C3CC8C96}.Debug|Any CPU.ActiveCfg = Debug|Any CPU
		{CA494A96-2787-4092-8C46-1F07C3CC8C96}.Debug|Any CPU.Build.0 = Debug|Any CPU
		{CA494A96-2787-4092-8C46-1F07C3CC8C96}.Release|Any CPU.ActiveCfg = Release|Any CPU
		{CA494A96-2787-4092-8C46-1F07C3CC8C96}.Release|Any CPU.Build.0 = Release|Any CPU
		{F4A847B1-F831-4C07-9C7E-84ED25D2398A}.Debug|Any CPU.ActiveCfg = Debug|Any CPU
		{F4A847B1-F831-4C07-9C7E-84ED25D2398A}.Debug|Any CPU.Build.0 = Debug|Any CPU
		{F4A847B1-F831-4C07-9C7E-84ED25D2398A}.Release|Any CPU.ActiveCfg = Release|Any CPU
		{F4A847B1-F831-4C07-9C7E-84ED25D2398A}.Release|Any CPU.Build.0 = Release|Any CPU
	EndGlobalSection
	GlobalSection(SolutionProperties) = preSolution
		HideSolutionNode = FALSE
	EndGlobalSection
	GlobalSection(ExtensibilityGlobals) = postSolution
		SolutionGuid = {5226B0B7-3070-4AB9-A56D-027BCDF12FAD}
	EndGlobalSection
EndGlobal
